// !$*UTF8*$!
{
	archiveVersion = 1;
	classes = {
	};
	objectVersion = 50;
	objects = {

/* Begin PBXBuildFile section */
		42781270264E010200B43A4A /* DetailView.swift in Sources */ = {isa = PBXBuildFile; fileRef = 4278126F264E010200B43A4A /* DetailView.swift */; };
		42781278264E046600B43A4A /* addCountryView.swift in Sources */ = {isa = PBXBuildFile; fileRef = 42781277264E046600B43A4A /* addCountryView.swift */; };
		42F11C132644C247004F359A /* ListRApp.swift in Sources */ = {isa = PBXBuildFile; fileRef = 42F11C122644C247004F359A /* ListRApp.swift */; };
		42F11C152644C247004F359A /* ContentView.swift in Sources */ = {isa = PBXBuildFile; fileRef = 42F11C142644C247004F359A /* ContentView.swift */; };
		42F11C172644C248004F359A /* Assets.xcassets in Resources */ = {isa = PBXBuildFile; fileRef = 42F11C162644C248004F359A /* Assets.xcassets */; };
		42F11C1A2644C248004F359A /* Preview Assets.xcassets in Resources */ = {isa = PBXBuildFile; fileRef = 42F11C192644C248004F359A /* Preview Assets.xcassets */; };
		42F11C232644C482004F359A /* CountryModel.swift in Sources */ = {isa = PBXBuildFile; fileRef = 42F11C222644C482004F359A /* CountryModel.swift */; };
		42F11C262644C812004F359A /* CountryController.swift in Sources */ = {isa = PBXBuildFile; fileRef = 42F11C252644C812004F359A /* CountryController.swift */; };
/* End PBXBuildFile section */

/* Begin PBXFileReference section */
		4278126F264E010200B43A4A /* DetailView.swift */ = {isa = PBXFileReference; lastKnownFileType = sourcecode.swift; path = DetailView.swift; sourceTree = "<group>"; };
		42781277264E046600B43A4A /* addCountryView.swift */ = {isa = PBXFileReference; lastKnownFileType = sourcecode.swift; path = addCountryView.swift; sourceTree = "<group>"; };
		42F11C0F2644C247004F359A /* ListR.app */ = {isa = PBXFileReference; explicitFileType = wrapper.application; includeInIndex = 0; path = ListR.app; sourceTree = BUILT_PRODUCTS_DIR; };
		42F11C122644C247004F359A /* ListRApp.swift */ = {isa = PBXFileReference; lastKnownFileType = sourcecode.swift; path = ListRApp.swift; sourceTree = "<group>"; };
		42F11C142644C247004F359A /* ContentView.swift */ = {isa = PBXFileReference; lastKnownFileType = sourcecode.swift; path = ContentView.swift; sourceTree = "<group>"; };
		42F11C162644C248004F359A /* Assets.xcassets */ = {isa = PBXFileReference; lastKnownFileType = folder.assetcatalog; path = Assets.xcassets; sourceTree = "<group>"; };
		42F11C192644C248004F359A /* Preview Assets.xcassets */ = {isa = PBXFileReference; lastKnownFileType = folder.assetcatalog; path = "Preview Assets.xcassets"; sourceTree = "<group>"; };
		42F11C1B2644C248004F359A /* Info.plist */ = {isa = PBXFileReference; lastKnownFileType = text.plist.xml; path = Info.plist; sourceTree = "<group>"; };
		42F11C222644C482004F359A /* CountryModel.swift */ = {isa = PBXFileReference; lastKnownFileType = sourcecode.swift; path = CountryModel.swift; sourceTree = "<group>"; };
		42F11C252644C812004F359A /* CountryController.swift */ = {isa = PBXFileReference; lastKnownFileType = sourcecode.swift; path = CountryController.swift; sourceTree = "<group>"; };
/* End PBXFileReference section */

/* Begin PBXFrameworksBuildPhase section */
		42F11C0C2644C247004F359A /* Frameworks */ = {
			isa = PBXFrameworksBuildPhase;
			buildActionMask = 2147483647;
			files = (
			);
			runOnlyForDeploymentPostprocessing = 0;
		};
/* End PBXFrameworksBuildPhase section */

/* Begin PBXGroup section */
		42781272264E011600B43A4A /* Views */ = {
			isa = PBXGroup;
			children = (
				4278126F264E010200B43A4A /* DetailView.swift */,
				42F11C142644C247004F359A /* ContentView.swift */,
				42781277264E046600B43A4A /* addCountryView.swift */,
			);
			path = Views;
			sourceTree = "<group>";
		};
		42781274264E013300B43A4A /* Controllers */ = {
			isa = PBXGroup;
			children = (
				42F11C252644C812004F359A /* CountryController.swift */,
			);
			path = Controllers;
			sourceTree = "<group>";
		};
		42781275264E014800B43A4A /* Models */ = {
			isa = PBXGroup;
			children = (
				42F11C222644C482004F359A /* CountryModel.swift */,
			);
			path = Models;
			sourceTree = "<group>";
		};
		42F11C062644C247004F359A = {
			isa = PBXGroup;
			children = (
				42F11C112644C247004F359A /* ListR */,
				42F11C102644C247004F359A /* Products */,
			);
			sourceTree = "<group>";
		};
		42F11C102644C247004F359A /* Products */ = {
			isa = PBXGroup;
			children = (
				42F11C0F2644C247004F359A /* ListR.app */,
			);
			name = Products;
			sourceTree = "<group>";
		};
		42F11C112644C247004F359A /* ListR */ = {
			isa = PBXGroup;
			children = (
				42781275264E014800B43A4A /* Models */,
				42781274264E013300B43A4A /* Controllers */,
				42781272264E011600B43A4A /* Views */,
				42F11C122644C247004F359A /* ListRApp.swift */,
				42F11C162644C248004F359A /* Assets.xcassets */,
				42F11C1B2644C248004F359A /* Info.plist */,
				42F11C182644C248004F359A /* Preview Content */,
			);
			path = ListR;
			sourceTree = "<group>";
		};
		42F11C182644C248004F359A /* Preview Content */ = {
			isa = PBXGroup;
			children = (
				42F11C192644C248004F359A /* Preview Assets.xcassets */,
			);
			path = "Preview Content";
			sourceTree = "<group>";
		};
/* End PBXGroup section */

/* Begin PBXNativeTarget section */
		42F11C0E2644C247004F359A /* ListR */ = {
			isa = PBXNativeTarget;
			buildConfigurationList = 42F11C1E2644C248004F359A /* Build configuration list for PBXNativeTarget "ListR" */;
			buildPhases = (
				42F11C0B2644C247004F359A /* Sources */,
				42F11C0C2644C247004F359A /* Frameworks */,
				42F11C0D2644C247004F359A /* Resources */,
			);
			buildRules = (
			);
			dependencies = (
			);
			name = ListR;
			productName = ListR;
			productReference = 42F11C0F2644C247004F359A /* ListR.app */;
			productType = "com.apple.product-type.application";
		};
/* End PBXNativeTarget section */

/* Begin PBXProject section */
		42F11C072644C247004F359A /* Project object */ = {
			isa = PBXProject;
			attributes = {
				LastSwiftUpdateCheck = 1240;
				LastUpgradeCheck = 1240;
				TargetAttributes = {
					42F11C0E2644C247004F359A = {
						CreatedOnToolsVersion = 12.4;
					};
				};
			};
			buildConfigurationList = 42F11C0A2644C247004F359A /* Build configuration list for PBXProject "ListR" */;
			compatibilityVersion = "Xcode 9.3";
			developmentRegion = en;
			hasScannedForEncodings = 0;
			knownRegions = (
				en,
				Base,
			);
			mainGroup = 42F11C062644C247004F359A;
			productRefGroup = 42F11C102644C247004F359A /* Products */;
			projectDirPath = "";
			projectRoot = "";
			targets = (
				42F11C0E2644C247004F359A /* ListR */,
			);
		};
/* End PBXProject section */

/* Begin PBXResourcesBuildPhase section */
		42F11C0D2644C247004F359A /* Resources */ = {
			isa = PBXResourcesBuildPhase;
			buildActionMask = 2147483647;
			files = (
				42F11C1A2644C248004F359A /* Preview Assets.xcassets in Resources */,
				42F11C172644C248004F359A /* Assets.xcassets in Resources */,
			);
			runOnlyForDeploymentPostprocessing = 0;
		};
/* End PBXResourcesBuildPhase section */

/* Begin PBXSourcesBuildPhase section */
		42F11C0B2644C247004F359A /* Sources */ = {
			isa = PBXSourcesBuildPhase;
			buildActionMask = 2147483647;
			files = (
				42F11C152644C247004F359A /* ContentView.swift in Sources */,
				42F11C132644C247004F359A /* ListRApp.swift in Sources */,
				42F11C262644C812004F359A /* CountryController.swift in Sources */,
				42781270264E010200B43A4A /* DetailView.swift in Sources */,
				42F11C232644C482004F359A /* CountryModel.swift in Sources */,
				42781278264E046600B43A4A /* addCountryView.swift in Sources */,
			);
			runOnlyForDeploymentPostprocessing = 0;
		};
/* End PBXSourcesBuildPhase section */

/* Begin XCBuildConfiguration section */
		42F11C1C2644C248004F359A /* Debug */ = {
			isa = XCBuildConfiguration;
			buildSettings = {
				ALWAYS_SEARCH_USER_PATHS = NO;
				CLANG_ANALYZER_NONNULL = YES;
				CLANG_ANALYZER_NUMBER_OBJECT_CONVERSION = YES_AGGRESSIVE;
				CLANG_CXX_LANGUAGE_STANDARD = "gnu++14";
				CLANG_CXX_LIBRARY = "libc++";
				CLANG_ENABLE_MODULES = YES;
				CLANG_ENABLE_OBJC_ARC = YES;
				CLANG_ENABLE_OBJC_WEAK = YES;
				CLANG_WARN_BLOCK_CAPTURE_AUTORELEASING = YES;
				CLANG_WARN_BOOL_CONVERSION = YES;
				CLANG_WARN_COMMA = YES;
				CLANG_WARN_CONSTANT_CONVERSION = YES;
				CLANG_WARN_DEPRECATED_OBJC_IMPLEMENTATIONS = YES;
				CLANG_WARN_DIRECT_OBJC_ISA_USAGE = YES_ERROR;
				CLANG_WARN_DOCUMENTATION_COMMENTS = YES;
				CLANG_WARN_EMPTY_BODY = YES;
				CLANG_WARN_ENUM_CONVERSION = YES;
				CLANG_WARN_INFINITE_RECURSION = YES;
				CLANG_WARN_INT_CONVERSION = YES;
				CLANG_WARN_NON_LITERAL_NULL_CONVERSION = YES;
				CLANG_WARN_OBJC_IMPLICIT_RETAIN_SELF = YES;
				CLANG_WARN_OBJC_LITERAL_CONVERSION = YES;
				CLANG_WARN_OBJC_ROOT_CLASS = YES_ERROR;
				CLANG_WARN_QUOTED_INCLUDE_IN_FRAMEWORK_HEADER = YES;
				CLANG_WARN_RANGE_LOOP_ANALYSIS = YES;
				CLANG_WARN_STRICT_PROTOTYPES = YES;
				CLANG_WARN_SUSPICIOUS_MOVE = YES;
				CLANG_WARN_UNGUARDED_AVAILABILITY = YES_AGGRESSIVE;
				CLANG_WARN_UNREACHABLE_CODE = YES;
				CLANG_WARN__DUPLICATE_METHOD_MATCH = YES;
				COPY_PHASE_STRIP = NO;
				DEBUG_INFORMATION_FORMAT = dwarf;
				ENABLE_STRICT_OBJC_MSGSEND = YES;
				ENABLE_TESTABILITY = YES;
				GCC_C_LANGUAGE_STANDARD = gnu11;
				GCC_DYNAMIC_NO_PIC = NO;
				GCC_NO_COMMON_BLOCKS = YES;
				GCC_OPTIMIZATION_LEVEL = 0;
				GCC_PREPROCESSOR_DEFINITIONS = (
					"DEBUG=1",
					"$(inherited)",
				);
				GCC_WARN_64_TO_32_BIT_CONVERSION = YES;
				GCC_WARN_ABOUT_RETURN_TYPE = YES_ERROR;
				GCC_WARN_UNDECLARED_SELECTOR = YES;
				GCC_WARN_UNINITIALIZED_AUTOS = YES_AGGRESSIVE;
				GCC_WARN_UNUSED_FUNCTION = YES;
				GCC_WARN_UNUSED_VARIABLE = YES;
				IPHONEOS_DEPLOYMENT_TARGET = 14.4;
				MTL_ENABLE_DEBUG_INFO = INCLUDE_SOURCE;
				MTL_FAST_MATH = YES;
				ONLY_ACTIVE_ARCH = YES;
				SDKROOT = iphoneos;
				SWIFT_ACTIVE_COMPILATION_CONDITIONS = DEBUG;
				SWIFT_OPTIMIZATION_LEVEL = "-Onone";
			};
			name = Debug;
		};
		42F11C1D2644C248004F359A /* Release */ = {
			isa = XCBuildConfiguration;
			buildSettings = {
				ALWAYS_SEARCH_USER_PATHS = NO;
				CLANG_ANALYZER_NONNULL = YES;
				CLANG_ANALYZER_NUMBER_OBJECT_CONVERSION = YES_AGGRESSIVE;
				CLANG_CXX_LANGUAGE_STANDARD = "gnu++14";
				CLANG_CXX_LIBRARY = "libc++";
				CLANG_ENABLE_MODULES = YES;
				CLANG_ENABLE_OBJC_ARC = YES;
				CLANG_ENABLE_OBJC_WEAK = YES;
				CLANG_WARN_BLOCK_CAPTURE_AUTORELEASING = YES;
				CLANG_WARN_BOOL_CONVERSION = YES;
				CLANG_WARN_COMMA = YES;
				CLANG_WARN_CONSTANT_CONVERSION = YES;
				CLANG_WARN_DEPRECATED_OBJC_IMPLEMENTATIONS = YES;
				CLANG_WARN_DIRECT_OBJC_ISA_USAGE = YES_ERROR;
				CLANG_WARN_DOCUMENTATION_COMMENTS = YES;
				CLANG_WARN_EMPTY_BODY = YES;
				CLANG_WARN_ENUM_CONVERSION = YES;
				CLANG_WARN_INFINITE_RECURSION = YES;
				CLANG_WARN_INT_CONVERSION = YES;
				CLANG_WARN_NON_LITERAL_NULL_CONVERSION = YES;
				CLANG_WARN_OBJC_IMPLICIT_RETAIN_SELF = YES;
				CLANG_WARN_OBJC_LITERAL_CONVERSION = YES;
				CLANG_WARN_OBJC_ROOT_CLASS = YES_ERROR;
				CLANG_WARN_QUOTED_INCLUDE_IN_FRAMEWORK_HEADER = YES;
				CLANG_WARN_RANGE_LOOP_ANALYSIS = YES;
				CLANG_WARN_STRICT_PROTOTYPES = YES;
				CLANG_WARN_SUSPICIOUS_MOVE = YES;
				CLANG_WARN_UNGUARDED_AVAILABILITY = YES_AGGRESSIVE;
				CLANG_WARN_UNREACHABLE_CODE = YES;
				CLANG_WARN__DUPLICATE_METHOD_MATCH = YES;
				COPY_PHASE_STRIP = NO;
				DEBUG_INFORMATION_FORMAT = "dwarf-with-dsym";
				ENABLE_NS_ASSERTIONS = NO;
				ENABLE_STRICT_OBJC_MSGSEND = YES;
				GCC_C_LANGUAGE_STANDARD = gnu11;
				GCC_NO_COMMON_BLOCKS = YES;
				GCC_WARN_64_TO_32_BIT_CONVERSION = YES;
				GCC_WARN_ABOUT_RETURN_TYPE = YES_ERROR;
				GCC_WARN_UNDECLARED_SELECTOR = YES;
				GCC_WARN_UNINITIALIZED_AUTOS = YES_AGGRESSIVE;
				GCC_WARN_UNUSED_FUNCTION = YES;
				GCC_WARN_UNUSED_VARIABLE = YES;
				IPHONEOS_DEPLOYMENT_TARGET = 14.4;
				MTL_ENABLE_DEBUG_INFO = NO;
				MTL_FAST_MATH = YES;
				SDKROOT = iphoneos;
				SWIFT_COMPILATION_MODE = wholemodule;
				SWIFT_OPTIMIZATION_LEVEL = "-O";
				VALIDATE_PRODUCT = YES;
			};
			name = Release;
		};
		42F11C1F2644C248004F359A /* Debug */ = {
			isa = XCBuildConfiguration;
			buildSettings = {
				ASSETCATALOG_COMPILER_APPICON_NAME = AppIcon;
				ASSETCATALOG_COMPILER_GLOBAL_ACCENT_COLOR_NAME = AccentColor;
				CODE_SIGN_STYLE = Automatic;
				DEVELOPMENT_ASSET_PATHS = "\"ListR/Preview Content\"";
				ENABLE_PREVIEWS = YES;
				INFOPLIST_FILE = ListR/Info.plist;
				IPHONEOS_DEPLOYMENT_TARGET = 14.0;
				LD_RUNPATH_SEARCH_PATHS = (
					"$(inherited)",
					"@executable_path/Frameworks",
				);
				PRODUCT_BUNDLE_IDENTIFIER = mx.itesm.ListR;
				PRODUCT_NAME = "$(TARGET_NAME)";
				SWIFT_VERSION = 5.0;
				TARGETED_DEVICE_FAMILY = "1,2";
			};
			name = Debug;
		};
		42F11C202644C248004F359A /* Release */ = {
			isa = XCBuildConfiguration;
			buildSettings = {
				ASSETCATALOG_COMPILER_APPICON_NAME = AppIcon;
				ASSETCATALOG_COMPILER_GLOBAL_ACCENT_COLOR_NAME = AccentColor;
				CODE_SIGN_STYLE = Automatic;
				DEVELOPMENT_ASSET_PATHS = "\"ListR/Preview Content\"";
				ENABLE_PREVIEWS = YES;
				INFOPLIST_FILE = ListR/Info.plist;
				IPHONEOS_DEPLOYMENT_TARGET = 14.0;
				LD_RUNPATH_SEARCH_PATHS = (
					"$(inherited)",
					"@executable_path/Frameworks",
				);
				PRODUCT_BUNDLE_IDENTIFIER = mx.itesm.ListR;
				PRODUCT_NAME = "$(TARGET_NAME)";
				SWIFT_VERSION = 5.0;
				TARGETED_DEVICE_FAMILY = "1,2";
			};
			name = Release;
		};
/* End XCBuildConfiguration section */

/* Begin XCConfigurationList section */
		42F11C0A2644C247004F359A /* Build configuration list for PBXProject "ListR" */ = {
			isa = XCConfigurationList;
			buildConfigurations = (
				42F11C1C2644C248004F359A /* Debug */,
				42F11C1D2644C248004F359A /* Release */,
			);
			defaultConfigurationIsVisible = 0;
			defaultConfigurationName = Release;
		};
		42F11C1E2644C248004F359A /* Build configuration list for PBXNativeTarget "ListR" */ = {
			isa = XCConfigurationList;
			buildConfigurations = (
				42F11C1F2644C248004F359A /* Debug */,
				42F11C202644C248004F359A /* Release */,
			);
			defaultConfigurationIsVisible = 0;
			defaultConfigurationName = Release;
		};
/* End XCConfigurationList section */
	};
	rootObject = 42F11C072644C247004F359A /* Project object */;
}
